
Microsoft Visual Studio Solution File, Format Version 12.00
# Visual Studio Version 17
VisualStudioVersion = 17.9.34902.65
MinimumVisualStudioVersion = 10.0.40219.1
Project("{FAE04EC0-301F-11D3-BF4B-00C04F79EFBC}") = "Bulls And Cows", "Bulls And Cows\Bulls And Cows.csproj", "{39EB588F-1B0A-41BD-8ABC-7D2985669A57}"
EndProject
Global
	GlobalSection(SolutionConfigurationPlatforms) = preSolution
		Debug|Any CPU = Debug|Any CPU
		Release|Any CPU = Release|Any CPU
	EndGlobalSection
	GlobalSection(ProjectConfigurationPlatforms) = postSolution
		{39EB588F-1B0A-41BD-8ABC-7D2985669A57}.Debug|Any CPU.ActiveCfg = Debug|Any CPU
		{39EB588F-1B0A-41BD-8ABC-7D2985669A57}.Debug|Any CPU.Build.0 = Debug|Any CPU
		{39EB588F-1B0A-41BD-8ABC-7D2985669A57}.Release|Any CPU.ActiveCfg = Release|Any CPU
		{39EB588F-1B0A-41BD-8ABC-7D2985669A57}.Release|Any CPU.Build.0 = Release|Any CPU
	EndGlobalSection
	GlobalSection(SolutionProperties) = preSolution
		HideSolutionNode = FALSE
	EndGlobalSection
	GlobalSection(ExtensibilityGlobals) = postSolution
		SolutionGuid = {EB3500CC-DA90-4A78-A330-EC81C9314B99}
	EndGlobalSection
EndGlobal
